
Microsoft Visual Studio Solution File, Format Version 12.00
# Visual Studio Version 16
VisualStudioVersion = 16.0.31702.278
MinimumVisualStudioVersion = 10.0.40219.1
Project("{FAE04EC0-301F-11D3-BF4B-00C04F79EFBC}") = "Spooky Season Trick or Treat Run", "Spooky Season Trick or Treat Run\Spooky Season Trick or Treat Run.csproj", "{223FF802-2DDE-4ABA-B3A4-8B5CD457A7CE}"
EndProject
Global
	GlobalSection(SolutionConfigurationPlatforms) = preSolution
		Debug|Any CPU = Debug|Any CPU
		Release|Any CPU = Release|Any CPU
	EndGlobalSection
	GlobalSection(ProjectConfigurationPlatforms) = postSolution
		{223FF802-2DDE-4ABA-B3A4-8B5CD457A7CE}.Debug|Any CPU.ActiveCfg = Debug|Any CPU
		{223FF802-2DDE-4ABA-B3A4-8B5CD457A7CE}.Debug|Any CPU.Build.0 = Debug|Any CPU
		{223FF802-2DDE-4ABA-B3A4-8B5CD457A7CE}.Release|Any CPU.ActiveCfg = Release|Any CPU
		{223FF802-2DDE-4ABA-B3A4-8B5CD457A7CE}.Release|Any CPU.Build.0 = Release|Any CPU
	EndGlobalSection
	GlobalSection(SolutionProperties) = preSolution
		HideSolutionNode = FALSE
	EndGlobalSection
	GlobalSection(ExtensibilityGlobals) = postSolution
		SolutionGuid = {FC378DA5-DFB0-4E4F-8264-8CA6631817C5}
	EndGlobalSection
EndGlobal
